
Microsoft Visual Studio Solution File, Format Version 12.00
# Visual Studio 15
VisualStudioVersion = 15.0.27703.2026
MinimumVisualStudioVersion = 10.0.40219.1
Project("{FAE04EC0-301F-11D3-BF4B-00C04F79EFBC}") = "Vidly", "Vidly\Vidly.csproj", "{AB47FF26-4881-47E2-A03A-B50E25F83128}"
EndProject
Global
	GlobalSection(SolutionConfigurationPlatforms) = preSolution
		Debug|Any CPU = Debug|Any CPU
		Release|Any CPU = Release|Any CPU
	EndGlobalSection
	GlobalSection(ProjectConfigurationPlatforms) = postSolution
		{AB47FF26-4881-47E2-A03A-B50E25F83128}.Debug|Any CPU.ActiveCfg = Debug|Any CPU
		{AB47FF26-4881-47E2-A03A-B50E25F83128}.Debug|Any CPU.Build.0 = Debug|Any CPU
		{AB47FF26-4881-47E2-A03A-B50E25F83128}.Release|Any CPU.ActiveCfg = Release|Any CPU
		{AB47FF26-4881-47E2-A03A-B50E25F83128}.Release|Any CPU.Build.0 = Release|Any CPU
	EndGlobalSection
	GlobalSection(SolutionProperties) = preSolution
		HideSolutionNode = FALSE
	EndGlobalSection
	GlobalSection(ExtensibilityGlobals) = postSolution
		SolutionGuid = {B6B1090C-3E37-491F-B8B2-1B65DC07773D}
	EndGlobalSection
	GlobalSection(TeamFoundationVersionControl) = preSolution
		SccNumberOfProjects = 2
		SccEnterpriseProvider = {4CA58AB2-18FA-4F8D-95D4-32DDF27D184C}
		SccTeamFoundationServer = https://carlosmacbeath.visualstudio.com/
		SccLocalPath0 = .
		SccProjectUniqueName1 = Vidly\\Vidly.csproj
		SccProjectName1 = Vidly
		SccLocalPath1 = Vidly
	EndGlobalSection
EndGlobal
